
Microsoft Visual Studio Solution File, Format Version 12.00
# Visual Studio 15
VisualStudioVersion = 15.0.27428.2011
MinimumVisualStudioVersion = 10.0.40219.1
Project("{FAE04EC0-301F-11D3-BF4B-00C04F79EFBC}") = "DPC", "DPC\DPC.csproj", "{5E159119-D903-4BE1-A8E3-812776DBB144}"
EndProject
Project("{FAE04EC0-301F-11D3-BF4B-00C04F79EFBC}") = "DPC_core", "DPC_core\DPC_core.csproj", "{C9081598-71DA-4BBF-8985-219CB61F871B}"
EndProject
Project("{FAE04EC0-301F-11D3-BF4B-00C04F79EFBC}") = "testDPC", "testDPC\testDPC.csproj", "{508DE977-45B4-4435-9543-D92B892AD042}"
EndProject
Global
	GlobalSection(SolutionConfigurationPlatforms) = preSolution
		Debug|Any CPU = Debug|Any CPU
		Release|Any CPU = Release|Any CPU
	EndGlobalSection
	GlobalSection(ProjectConfigurationPlatforms) = postSolution
		{5E159119-D903-4BE1-A8E3-812776DBB144}.Debug|Any CPU.ActiveCfg = Debug|Any CPU
		{5E159119-D903-4BE1-A8E3-812776DBB144}.Debug|Any CPU.Build.0 = Debug|Any CPU
		{5E159119-D903-4BE1-A8E3-812776DBB144}.Release|Any CPU.ActiveCfg = Release|Any CPU
		{5E159119-D903-4BE1-A8E3-812776DBB144}.Release|Any CPU.Build.0 = Release|Any CPU
		{C9081598-71DA-4BBF-8985-219CB61F871B}.Debug|Any CPU.ActiveCfg = Debug|Any CPU
		{C9081598-71DA-4BBF-8985-219CB61F871B}.Debug|Any CPU.Build.0 = Debug|Any CPU
		{C9081598-71DA-4BBF-8985-219CB61F871B}.Release|Any CPU.ActiveCfg = Release|Any CPU
		{C9081598-71DA-4BBF-8985-219CB61F871B}.Release|Any CPU.Build.0 = Release|Any CPU
		{508DE977-45B4-4435-9543-D92B892AD042}.Debug|Any CPU.ActiveCfg = Debug|Any CPU
		{508DE977-45B4-4435-9543-D92B892AD042}.Debug|Any CPU.Build.0 = Debug|Any CPU
		{508DE977-45B4-4435-9543-D92B892AD042}.Release|Any CPU.ActiveCfg = Release|Any CPU
		{508DE977-45B4-4435-9543-D92B892AD042}.Release|Any CPU.Build.0 = Release|Any CPU
	EndGlobalSection
	GlobalSection(SolutionProperties) = preSolution
		HideSolutionNode = FALSE
	EndGlobalSection
	GlobalSection(ExtensibilityGlobals) = postSolution
		SolutionGuid = {B5883BBC-8957-4CB7-ACA2-0075F5F5203A}
	EndGlobalSection
EndGlobal
