
Microsoft Visual Studio Solution File, Format Version 12.00
# Visual Studio Version 16
VisualStudioVersion = 16.0.29201.188
MinimumVisualStudioVersion = 10.0.40219.1
Project("{FAE04EC0-301F-11D3-BF4B-00C04F79EFBC}") = "DPC", "DPC\DPC.csproj", "{5E159119-D903-4BE1-A8E3-812776DBB144}"
EndProject
Project("{FAE04EC0-301F-11D3-BF4B-00C04F79EFBC}") = "test_DPC", "test_DPC\test_DPC.csproj", "{643D71B1-101A-4AB6-A1C0-55E710807EC2}"
EndProject
Project("{FAE04EC0-301F-11D3-BF4B-00C04F79EFBC}") = "Architecture", "..\Data import\yeetong.Refactoring\Architecture.csproj", "{F3ACFB36-9B5B-48CF-BA2D-57AEBDAD15D2}"
EndProject
Project("{FAE04EC0-301F-11D3-BF4B-00C04F79EFBC}") = "ProtocolAnalysis", "..\Data import\yeetong.ProtocolAnalysis\ProtocolAnalysis.csproj", "{C32E6799-BF9F-49F7-820A-E1B1FD186D3D}"
EndProject
Project("{FAE04EC0-301F-11D3-BF4B-00C04F79EFBC}") = "UdpServer", "..\Data import\yeetong.UdpServer\UdpServer.csproj", "{0809F00E-A058-4DB0-8D61-5830F9E4D83A}"
EndProject
Project("{FAE04EC0-301F-11D3-BF4B-00C04F79EFBC}") = "DPC_winserver", "DPC_winserver\DPC_winserver.csproj", "{4B1E370C-F29C-49F4-99E7-1B2F06F63BAC}"
EndProject
Project("{FAE04EC0-301F-11D3-BF4B-00C04F79EFBC}") = "Send_Data", "Send_Data\Send_Data.csproj", "{FF43E5DD-F67E-4783-8E51-02A6C1A0D959}"
EndProject
Project("{2150E333-8FDC-42A3-9474-1A3956D46DE8}") = "TCP_UDP_receive_data", "TCP_UDP_receive_data", "{9985B35D-56A4-4023-9ABD-654522D1328C}"
EndProject
Project("{2150E333-8FDC-42A3-9474-1A3956D46DE8}") = "数据制造器", "数据制造器", "{545687A0-1DA8-42E8-BE9B-79B53F7E8645}"
EndProject
Project("{2150E333-8FDC-42A3-9474-1A3956D46DE8}") = "Data_storage", "Data_storage", "{108340C4-DFBE-4DED-B268-045091CC5EA5}"
EndProject
Project("{2150E333-8FDC-42A3-9474-1A3956D46DE8}") = "API_request_data", "API_request_data", "{B9741431-63CE-49B1-B715-4B73A020AB00}"
EndProject
Project("{FAE04EC0-301F-11D3-BF4B-00C04F79EFBC}") = "API_request_data", "API_request_data\API_request_data.csproj", "{BE1C4D8E-D46E-4DD3-8588-131DA15BE409}"
EndProject
Project("{FAE04EC0-301F-11D3-BF4B-00C04F79EFBC}") = "API_request_data_winserver", "API_request_data_winserver\API_request_data_winserver.csproj", "{9C261B05-1FD4-4EB0-80A0-CD01AAFA2190}"
EndProject
Project("{FAE04EC0-301F-11D3-BF4B-00C04F79EFBC}") = "ProjectSend", "ProjectSend\ProjectSend.csproj", "{739D8209-FAF8-4359-B048-AA65E16A84D9}"
EndProject
Project("{FAE04EC0-301F-11D3-BF4B-00C04F79EFBC}") = "ProjectReceive", "ProjectReceive\ProjectReceive.csproj", "{C90A052E-72D2-4BC7-9A2F-DC71DC013AFA}"
EndProject
Global
	GlobalSection(SolutionConfigurationPlatforms) = preSolution
		Debug|Any CPU = Debug|Any CPU
		Release|Any CPU = Release|Any CPU
	EndGlobalSection
	GlobalSection(ProjectConfigurationPlatforms) = postSolution
		{5E159119-D903-4BE1-A8E3-812776DBB144}.Debug|Any CPU.ActiveCfg = Debug|Any CPU
		{5E159119-D903-4BE1-A8E3-812776DBB144}.Debug|Any CPU.Build.0 = Debug|Any CPU
		{5E159119-D903-4BE1-A8E3-812776DBB144}.Release|Any CPU.ActiveCfg = Release|Any CPU
		{5E159119-D903-4BE1-A8E3-812776DBB144}.Release|Any CPU.Build.0 = Release|Any CPU
		{643D71B1-101A-4AB6-A1C0-55E710807EC2}.Debug|Any CPU.ActiveCfg = Debug|Any CPU
		{643D71B1-101A-4AB6-A1C0-55E710807EC2}.Debug|Any CPU.Build.0 = Debug|Any CPU
		{643D71B1-101A-4AB6-A1C0-55E710807EC2}.Release|Any CPU.ActiveCfg = Release|Any CPU
		{643D71B1-101A-4AB6-A1C0-55E710807EC2}.Release|Any CPU.Build.0 = Release|Any CPU
		{F3ACFB36-9B5B-48CF-BA2D-57AEBDAD15D2}.Debug|Any CPU.ActiveCfg = Debug|Any CPU
		{F3ACFB36-9B5B-48CF-BA2D-57AEBDAD15D2}.Debug|Any CPU.Build.0 = Debug|Any CPU
		{F3ACFB36-9B5B-48CF-BA2D-57AEBDAD15D2}.Release|Any CPU.ActiveCfg = Release|Any CPU
		{F3ACFB36-9B5B-48CF-BA2D-57AEBDAD15D2}.Release|Any CPU.Build.0 = Release|Any CPU
		{C32E6799-BF9F-49F7-820A-E1B1FD186D3D}.Debug|Any CPU.ActiveCfg = Debug|Any CPU
		{C32E6799-BF9F-49F7-820A-E1B1FD186D3D}.Debug|Any CPU.Build.0 = Debug|Any CPU
		{C32E6799-BF9F-49F7-820A-E1B1FD186D3D}.Release|Any CPU.ActiveCfg = Release|Any CPU
		{C32E6799-BF9F-49F7-820A-E1B1FD186D3D}.Release|Any CPU.Build.0 = Release|Any CPU
		{0809F00E-A058-4DB0-8D61-5830F9E4D83A}.Debug|Any CPU.ActiveCfg = Debug|Any CPU
		{0809F00E-A058-4DB0-8D61-5830F9E4D83A}.Debug|Any CPU.Build.0 = Debug|Any CPU
		{0809F00E-A058-4DB0-8D61-5830F9E4D83A}.Release|Any CPU.ActiveCfg = Release|Any CPU
		{0809F00E-A058-4DB0-8D61-5830F9E4D83A}.Release|Any CPU.Build.0 = Release|Any CPU
		{4B1E370C-F29C-49F4-99E7-1B2F06F63BAC}.Debug|Any CPU.ActiveCfg = Debug|Any CPU
		{4B1E370C-F29C-49F4-99E7-1B2F06F63BAC}.Debug|Any CPU.Build.0 = Debug|Any CPU
		{4B1E370C-F29C-49F4-99E7-1B2F06F63BAC}.Release|Any CPU.ActiveCfg = Release|Any CPU
		{4B1E370C-F29C-49F4-99E7-1B2F06F63BAC}.Release|Any CPU.Build.0 = Release|Any CPU
		{FF43E5DD-F67E-4783-8E51-02A6C1A0D959}.Debug|Any CPU.ActiveCfg = Debug|Any CPU
		{FF43E5DD-F67E-4783-8E51-02A6C1A0D959}.Debug|Any CPU.Build.0 = Debug|Any CPU
		{FF43E5DD-F67E-4783-8E51-02A6C1A0D959}.Release|Any CPU.ActiveCfg = Release|Any CPU
		{FF43E5DD-F67E-4783-8E51-02A6C1A0D959}.Release|Any CPU.Build.0 = Release|Any CPU
		{BE1C4D8E-D46E-4DD3-8588-131DA15BE409}.Debug|Any CPU.ActiveCfg = Debug|Any CPU
		{BE1C4D8E-D46E-4DD3-8588-131DA15BE409}.Debug|Any CPU.Build.0 = Debug|Any CPU
		{BE1C4D8E-D46E-4DD3-8588-131DA15BE409}.Release|Any CPU.ActiveCfg = Release|Any CPU
		{BE1C4D8E-D46E-4DD3-8588-131DA15BE409}.Release|Any CPU.Build.0 = Release|Any CPU
		{9C261B05-1FD4-4EB0-80A0-CD01AAFA2190}.Debug|Any CPU.ActiveCfg = Debug|Any CPU
		{9C261B05-1FD4-4EB0-80A0-CD01AAFA2190}.Debug|Any CPU.Build.0 = Debug|Any CPU
		{9C261B05-1FD4-4EB0-80A0-CD01AAFA2190}.Release|Any CPU.ActiveCfg = Release|Any CPU
		{9C261B05-1FD4-4EB0-80A0-CD01AAFA2190}.Release|Any CPU.Build.0 = Release|Any CPU
		{739D8209-FAF8-4359-B048-AA65E16A84D9}.Debug|Any CPU.ActiveCfg = Debug|Any CPU
		{739D8209-FAF8-4359-B048-AA65E16A84D9}.Debug|Any CPU.Build.0 = Debug|Any CPU
		{739D8209-FAF8-4359-B048-AA65E16A84D9}.Release|Any CPU.ActiveCfg = Release|Any CPU
		{739D8209-FAF8-4359-B048-AA65E16A84D9}.Release|Any CPU.Build.0 = Release|Any CPU
		{C90A052E-72D2-4BC7-9A2F-DC71DC013AFA}.Debug|Any CPU.ActiveCfg = Debug|Any CPU
		{C90A052E-72D2-4BC7-9A2F-DC71DC013AFA}.Debug|Any CPU.Build.0 = Debug|Any CPU
		{C90A052E-72D2-4BC7-9A2F-DC71DC013AFA}.Release|Any CPU.ActiveCfg = Release|Any CPU
		{C90A052E-72D2-4BC7-9A2F-DC71DC013AFA}.Release|Any CPU.Build.0 = Release|Any CPU
	EndGlobalSection
	GlobalSection(SolutionProperties) = preSolution
		HideSolutionNode = FALSE
	EndGlobalSection
	GlobalSection(NestedProjects) = preSolution
		{5E159119-D903-4BE1-A8E3-812776DBB144} = {108340C4-DFBE-4DED-B268-045091CC5EA5}
		{F3ACFB36-9B5B-48CF-BA2D-57AEBDAD15D2} = {9985B35D-56A4-4023-9ABD-654522D1328C}
		{C32E6799-BF9F-49F7-820A-E1B1FD186D3D} = {9985B35D-56A4-4023-9ABD-654522D1328C}
		{0809F00E-A058-4DB0-8D61-5830F9E4D83A} = {9985B35D-56A4-4023-9ABD-654522D1328C}
		{4B1E370C-F29C-49F4-99E7-1B2F06F63BAC} = {9985B35D-56A4-4023-9ABD-654522D1328C}
		{FF43E5DD-F67E-4783-8E51-02A6C1A0D959} = {545687A0-1DA8-42E8-BE9B-79B53F7E8645}
		{BE1C4D8E-D46E-4DD3-8588-131DA15BE409} = {B9741431-63CE-49B1-B715-4B73A020AB00}
		{9C261B05-1FD4-4EB0-80A0-CD01AAFA2190} = {B9741431-63CE-49B1-B715-4B73A020AB00}
	EndGlobalSection
	GlobalSection(ExtensibilityGlobals) = postSolution
		SolutionGuid = {B5883BBC-8957-4CB7-ACA2-0075F5F5203A}
	EndGlobalSection
EndGlobal
